Microsoft Visual Studio Solution File, Format Version 11.00
# Visual Studio 2008

Project("{17DA9F90-F4BF-52C8-8FB6-7280700AE704}") = "33_Unity_TappyPlane", "Assembly-CSharp.csproj", "{D0F0B270-AC2B-2A75-38FD-4A584A9D67A0}"
EndProject
Global
	GlobalSection(SolutionConfigurationPlatforms) = preSolution
		Debug|Any CPU = Debug|Any CPU
		Release|Any CPU = Release|Any CPU
	EndGlobalSection
	GlobalSection(ProjectConfigurationPlatforms) = postSolution
		{D0F0B270-AC2B-2A75-38FD-4A584A9D67A0}.Debug|Any CPU.ActiveCfg = Debug|Any CPU
		{D0F0B270-AC2B-2A75-38FD-4A584A9D67A0}.Debug|Any CPU.Build.0 = Debug|Any CPU
		{D0F0B270-AC2B-2A75-38FD-4A584A9D67A0}.Release|Any CPU.ActiveCfg = Release|Any CPU
		{D0F0B270-AC2B-2A75-38FD-4A584A9D67A0}.Release|Any CPU.Build.0 = Release|Any CPU
	EndGlobalSection
	GlobalSection(SolutionProperties) = preSolution
		HideSolutionNode = FALSE
	EndGlobalSection
	GlobalSection(MonoDevelopProperties) = preSolution
		StartupItem = Assembly-CSharp.csproj
	EndGlobalSection
EndGlobal
